
Microsoft Visual Studio Solution File, Format Version 12.00
# Visual Studio Version 17
VisualStudioVersion = 17.11.35327.3
MinimumVisualStudioVersion = 10.0.40219.1
Project("{9A19103F-16F7-4668-BE54-9A1E7A4F7556}") = "BigramHistogramApp", "BigramHistogramApp\BigramHistogramApp.csproj", "{B282CB4F-DD70-42BC-8169-D4D6C720CCF5}"
EndProject
Project("{FAE04EC0-301F-11D3-BF4B-00C04F79EFBC}") = "BigramHistogramApp.Tests", "BigramHistogramApp.Tests\BigramHistogramApp.Tests.csproj", "{C164292E-C990-4AEC-A793-0EAD43C4ABB3}"
EndProject
Global
	GlobalSection(SolutionConfigurationPlatforms) = preSolution
		Debug|Any CPU = Debug|Any CPU
		Release|Any CPU = Release|Any CPU
	EndGlobalSection
	GlobalSection(ProjectConfigurationPlatforms) = postSolution
		{B282CB4F-DD70-42BC-8169-D4D6C720CCF5}.Debug|Any CPU.ActiveCfg = Debug|Any CPU
		{B282CB4F-DD70-42BC-8169-D4D6C720CCF5}.Debug|Any CPU.Build.0 = Debug|Any CPU
		{B282CB4F-DD70-42BC-8169-D4D6C720CCF5}.Release|Any CPU.ActiveCfg = Release|Any CPU
		{B282CB4F-DD70-42BC-8169-D4D6C720CCF5}.Release|Any CPU.Build.0 = Release|Any CPU
		{C164292E-C990-4AEC-A793-0EAD43C4ABB3}.Debug|Any CPU.ActiveCfg = Debug|Any CPU
		{C164292E-C990-4AEC-A793-0EAD43C4ABB3}.Debug|Any CPU.Build.0 = Debug|Any CPU
		{C164292E-C990-4AEC-A793-0EAD43C4ABB3}.Release|Any CPU.ActiveCfg = Release|Any CPU
		{C164292E-C990-4AEC-A793-0EAD43C4ABB3}.Release|Any CPU.Build.0 = Release|Any CPU
	EndGlobalSection
	GlobalSection(SolutionProperties) = preSolution
		HideSolutionNode = FALSE
	EndGlobalSection
	GlobalSection(ExtensibilityGlobals) = postSolution
		SolutionGuid = {48884E63-304D-4043-A140-CEE5C80A451F}
	EndGlobalSection
EndGlobal
